
Microsoft Visual Studio Solution File, Format Version 11.00
# Visual Studio 2010
Project("{FAE04EC0-301F-11D3-BF4B-00C04F79EFBC}") = "Unity.XR.ARFoundation", "Unity.XR.ARFoundation.csproj", "{5afde13d-a5b7-1caf-70f5-b2d0eb1b989e}"
EndProject
Project("{FAE04EC0-301F-11D3-BF4B-00C04F79EFBC}") = "UnityEngine.TestRunner", "UnityEngine.TestRunner.csproj", "{09031a3c-6f1f-ef69-5cbe-28ad24f2b9ec}"
EndProject
Project("{FAE04EC0-301F-11D3-BF4B-00C04F79EFBC}") = "UnityEngine.UI", "UnityEngine.UI.csproj", "{5d9eaad9-99d9-b3df-13ea-738490fb4df5}"
EndProject
Project("{FAE04EC0-301F-11D3-BF4B-00C04F79EFBC}") = "Unity.VisualScripting.Flow", "Unity.VisualScripting.Flow.csproj", "{b48596f6-1722-4211-79f2-9c96c5b556ac}"
EndProject
Project("{FAE04EC0-301F-11D3-BF4B-00C04F79EFBC}") = "Unity.Mathematics", "Unity.Mathematics.csproj", "{e36e03e6-7bf5-ec4c-a0dd-7e5db4d509f3}"
EndProject
Project("{FAE04EC0-301F-11D3-BF4B-00C04F79EFBC}") = "UniTask", "UniTask.csproj", "{7be87a5f-d016-29e9-a2ea-932fa1394ffa}"
EndProject
Project("{FAE04EC0-301F-11D3-BF4B-00C04F79EFBC}") = "Unity.Services.Core.Telemetry", "Unity.Services.Core.Telemetry.csproj", "{8abfc4bc-8ef6-f4d1-8946-2828dccb3a9a}"
EndProject
Project("{FAE04EC0-301F-11D3-BF4B-00C04F79EFBC}") = "Unity.InputSystem", "Unity.InputSystem.csproj", "{cfb83ed6-5ebf-3b71-750a-a7f773ffb19e}"
EndProject
Project("{FAE04EC0-301F-11D3-BF4B-00C04F79EFBC}") = "Unity.XR.ARSubsystems", "Unity.XR.ARSubsystems.csproj", "{b2afb42d-0362-55d4-2fcb-77a929664bc3}"
EndProject
Project("{FAE04EC0-301F-11D3-BF4B-00C04F79EFBC}") = "Unity.XR.ARCore", "Unity.XR.ARCore.csproj", "{d9a7379f-e31a-fa64-b47f-a7267ab8dccc}"
EndProject
Project("{FAE04EC0-301F-11D3-BF4B-00C04F79EFBC}") = "Unity.VisualScripting.State", "Unity.VisualScripting.State.csproj", "{0cca2d31-5066-4ff2-b1ee-d9515cbc537d}"
EndProject
Project("{FAE04EC0-301F-11D3-BF4B-00C04F79EFBC}") = "Unity.VisualScripting.Core", "Unity.VisualScripting.Core.csproj", "{b1924284-c6e9-8cfa-4baa-dac11c114485}"
EndProject
Project("{FAE04EC0-301F-11D3-BF4B-00C04F79EFBC}") = "UnityEngine.XR.LegacyInputHelpers", "UnityEngine.XR.LegacyInputHelpers.csproj", "{7e17e993-e023-fc5b-a870-0f97d462e028}"
EndProject
Project("{FAE04EC0-301F-11D3-BF4B-00C04F79EFBC}") = "UniTask.Linq", "UniTask.Linq.csproj", "{8b96ed46-c57a-f880-e822-8529c6ad96fa}"
EndProject
Project("{FAE04EC0-301F-11D3-BF4B-00C04F79EFBC}") = "Unity.Services.Core.Environments.Internal", "Unity.Services.Core.Environments.Internal.csproj", "{43b6620d-c49b-d8d3-3d31-a41bbf36dd72}"
EndProject
Project("{FAE04EC0-301F-11D3-BF4B-00C04F79EFBC}") = "Unity.TextMeshPro", "Unity.TextMeshPro.csproj", "{f6cf88b5-d73d-04c9-3406-4ad9cb1d1fbd}"
EndProject
Project("{FAE04EC0-301F-11D3-BF4B-00C04F79EFBC}") = "Unity.Timeline", "Unity.Timeline.csproj", "{d8f8bb75-5420-89ee-1f7a-b44ce2682111}"
EndProject
Project("{FAE04EC0-301F-11D3-BF4B-00C04F79EFBC}") = "Unity.Services.Core", "Unity.Services.Core.csproj", "{889beb66-8049-3c11-1ac5-29741281a2eb}"
EndProject
Project("{FAE04EC0-301F-11D3-BF4B-00C04F79EFBC}") = "Unity.XR.CoreUtils", "Unity.XR.CoreUtils.csproj", "{063b5eb3-fcff-d498-bc18-383bf9e0bc6c}"
EndProject
Project("{FAE04EC0-301F-11D3-BF4B-00C04F79EFBC}") = "Unity.XR.OpenXR", "Unity.XR.OpenXR.csproj", "{93388686-0f7b-4dde-c866-985727e6fd83}"
EndProject
Project("{FAE04EC0-301F-11D3-BF4B-00C04F79EFBC}") = "Unity.Services.Core.Environments", "Unity.Services.Core.Environments.csproj", "{1e48591a-f31c-73e1-0128-b610a46c9ed3}"
EndProject
Project("{FAE04EC0-301F-11D3-BF4B-00C04F79EFBC}") = "Unity.XR.Simulation", "Unity.XR.Simulation.csproj", "{0e8ba5aa-6be6-3df4-6e38-9dfa9b997fcc}"
EndProject
Project("{FAE04EC0-301F-11D3-BF4B-00C04F79EFBC}") = "Unity.Services.Core.Internal", "Unity.Services.Core.Internal.csproj", "{842dd2f8-3f21-4108-5de4-a400816a243a}"
EndProject
Project("{FAE04EC0-301F-11D3-BF4B-00C04F79EFBC}") = "Unity.Services.Core.Analytics", "Unity.Services.Core.Analytics.csproj", "{b523322e-d13e-cf8d-d9f4-7dcb510ab580}"
EndProject
Project("{FAE04EC0-301F-11D3-BF4B-00C04F79EFBC}") = "Assembly-CSharp", "Assembly-CSharp.csproj", "{ef581788-a9ee-2a76-9292-54b9e2d84997}"
EndProject
Project("{FAE04EC0-301F-11D3-BF4B-00C04F79EFBC}") = "UniTask.DOTween", "UniTask.DOTween.csproj", "{a5a39361-deb1-0c0d-82e5-ae071e7cba74}"
EndProject
Project("{FAE04EC0-301F-11D3-BF4B-00C04F79EFBC}") = "Unity.Services.Core.Scheduler", "Unity.Services.Core.Scheduler.csproj", "{2430f52c-f0e4-bc09-2c7a-152d0ea5a55a}"
EndProject
Project("{FAE04EC0-301F-11D3-BF4B-00C04F79EFBC}") = "Unity.Services.Core.Registration", "Unity.Services.Core.Registration.csproj", "{c1638ffa-742f-1f95-992b-1fcd83419af5}"
EndProject
Project("{FAE04EC0-301F-11D3-BF4B-00C04F79EFBC}") = "Unity.Services.Core.Device", "Unity.Services.Core.Device.csproj", "{fa04b5a1-c01c-3e92-f686-04f43c5e7451}"
EndProject
Project("{FAE04EC0-301F-11D3-BF4B-00C04F79EFBC}") = "Unity.XR.Management", "Unity.XR.Management.csproj", "{e113e12f-2086-b4fd-eef2-71c25bf31d59}"
EndProject
Project("{FAE04EC0-301F-11D3-BF4B-00C04F79EFBC}") = "Unity.Services.Core.Threading", "Unity.Services.Core.Threading.csproj", "{de63acab-e5b6-3140-2bdf-f50a556567ff}"
EndProject
Project("{FAE04EC0-301F-11D3-BF4B-00C04F79EFBC}") = "Unity.Services.Core.Networking", "Unity.Services.Core.Networking.csproj", "{6f444e3c-2684-aeaa-fe61-20ebf590bf16}"
EndProject
Project("{FAE04EC0-301F-11D3-BF4B-00C04F79EFBC}") = "Unity.XR.OpenXR.Features.RuntimeDebugger", "Unity.XR.OpenXR.Features.RuntimeDebugger.csproj", "{4be2ebc0-020e-81c4-4bf6-144a9449b594}"
EndProject
Project("{FAE04EC0-301F-11D3-BF4B-00C04F79EFBC}") = "UniTask.TextMeshPro", "UniTask.TextMeshPro.csproj", "{8f6e474c-a4df-c88d-70fb-b3973c03b476}"
EndProject
Project("{FAE04EC0-301F-11D3-BF4B-00C04F79EFBC}") = "UnityEngine.SpatialTracking", "UnityEngine.SpatialTracking.csproj", "{a230311b-9ba1-4d8d-5f0d-4d82779920f2}"
EndProject
Project("{FAE04EC0-301F-11D3-BF4B-00C04F79EFBC}") = "Unity.Services.Core.Configuration", "Unity.Services.Core.Configuration.csproj", "{c615a15d-bb35-e26e-d3ac-bca0e5a3e456}"
EndProject
Project("{FAE04EC0-301F-11D3-BF4B-00C04F79EFBC}") = "Unity.XR.ARFoundation.InternalUtils", "Unity.XR.ARFoundation.InternalUtils.csproj", "{319c48fe-e20a-faa2-082e-0acd1344aaa8}"
EndProject
Project("{FAE04EC0-301F-11D3-BF4B-00C04F79EFBC}") = "Unity.XR.OpenXR.Features.ConformanceAutomation", "Unity.XR.OpenXR.Features.ConformanceAutomation.csproj", "{4184bfe4-7928-0fcf-9bde-f1813ffecdab}"
EndProject
Project("{FAE04EC0-301F-11D3-BF4B-00C04F79EFBC}") = "Unity.XR.OpenXR.Features.MockRuntime", "Unity.XR.OpenXR.Features.MockRuntime.csproj", "{f27e445b-2db2-ed2b-561f-d62a90fdbead}"
EndProject
Project("{FAE04EC0-301F-11D3-BF4B-00C04F79EFBC}") = "Unity.Subsystem.Registration", "Unity.Subsystem.Registration.csproj", "{3b0ce39e-5c28-1e14-ce3c-9201bf1eebbc}"
EndProject
Project("{FAE04EC0-301F-11D3-BF4B-00C04F79EFBC}") = "UniTask.Addressables", "UniTask.Addressables.csproj", "{54e62f5a-e545-c373-fedc-5eed64f0c120}"
EndProject
Project("{FAE04EC0-301F-11D3-BF4B-00C04F79EFBC}") = "Unity.XR.OpenXR.Features.OculusQuestSupport", "Unity.XR.OpenXR.Features.OculusQuestSupport.csproj", "{501eef62-3728-6d6a-bc63-7c5755b4fdc7}"
EndProject
Project("{FAE04EC0-301F-11D3-BF4B-00C04F79EFBC}") = "Unity.PlasticSCM.Editor", "Unity.PlasticSCM.Editor.csproj", "{22db6765-eec1-d982-717a-0027e3bfd9d9}"
EndProject
Project("{FAE04EC0-301F-11D3-BF4B-00C04F79EFBC}") = "Unity.VisualScripting.Core.Editor", "Unity.VisualScripting.Core.Editor.csproj", "{ce0bca7f-6c0c-db86-cac4-44ef1cc93354}"
EndProject
Project("{FAE04EC0-301F-11D3-BF4B-00C04F79EFBC}") = "Unity.XR.OpenXR.Editor", "Unity.XR.OpenXR.Editor.csproj", "{2b2e21a0-4b4b-0d3b-d86d-900871dd0362}"
EndProject
Project("{FAE04EC0-301F-11D3-BF4B-00C04F79EFBC}") = "Unity.VisualScripting.Flow.Editor", "Unity.VisualScripting.Flow.Editor.csproj", "{52d01923-5644-deef-8d3a-875039134c74}"
EndProject
Project("{FAE04EC0-301F-11D3-BF4B-00C04F79EFBC}") = "Unity.VisualStudio.Editor", "Unity.VisualStudio.Editor.csproj", "{f97d1143-aa40-e3c5-aef4-e1263bd4638e}"
EndProject
Project("{FAE04EC0-301F-11D3-BF4B-00C04F79EFBC}") = "Unity.Timeline.Editor", "Unity.Timeline.Editor.csproj", "{bca4c35b-91ae-d52a-6aff-84788df4e713}"
EndProject
Project("{FAE04EC0-301F-11D3-BF4B-00C04F79EFBC}") = "Unity.VisualScripting.State.Editor", "Unity.VisualScripting.State.Editor.csproj", "{9532f9f9-d872-3459-269a-490975a66d67}"
EndProject
Project("{FAE04EC0-301F-11D3-BF4B-00C04F79EFBC}") = "Unity.TextMeshPro.Editor", "Unity.TextMeshPro.Editor.csproj", "{42b13deb-8ca3-9f33-42cb-dac532c9238f}"
EndProject
Project("{FAE04EC0-301F-11D3-BF4B-00C04F79EFBC}") = "Unity.VisualScripting.SettingsProvider.Editor", "Unity.VisualScripting.SettingsProvider.Editor.csproj", "{4cbf8b50-4fa9-9553-8be2-02dbb8ddd607}"
EndProject
Project("{FAE04EC0-301F-11D3-BF4B-00C04F79EFBC}") = "Unity.CollabProxy.Editor", "Unity.CollabProxy.Editor.csproj", "{0dfa6190-42e2-9f0b-48d6-14af590ea5bd}"
EndProject
Project("{FAE04EC0-301F-11D3-BF4B-00C04F79EFBC}") = "UnityEditor.TestRunner", "UnityEditor.TestRunner.csproj", "{56d493b2-a12d-923d-e1cd-e03f93197f7e}"
EndProject
Project("{FAE04EC0-301F-11D3-BF4B-00C04F79EFBC}") = "Unity.Services.Core.Editor", "Unity.Services.Core.Editor.csproj", "{b5b47468-de03-a51d-1059-8b1782dfbf76}"
EndProject
Project("{FAE04EC0-301F-11D3-BF4B-00C04F79EFBC}") = "Unity.Rider.Editor", "Unity.Rider.Editor.csproj", "{ecd68994-d07a-05da-bf7d-4af1eed4034f}"
EndProject
Project("{FAE04EC0-301F-11D3-BF4B-00C04F79EFBC}") = "Unity.XR.CoreUtils.Editor", "Unity.XR.CoreUtils.Editor.csproj", "{a01961f4-6239-626e-2a52-c3c260b60dc7}"
EndProject
Project("{FAE04EC0-301F-11D3-BF4B-00C04F79EFBC}") = "Unity.XR.Simulation.Editor", "Unity.XR.Simulation.Editor.csproj", "{f4dfc164-1ad7-29de-9164-525786551891}"
EndProject
Project("{FAE04EC0-301F-11D3-BF4B-00C04F79EFBC}") = "Unity.XR.Management.Editor", "Unity.XR.Management.Editor.csproj", "{ddb6b845-ee0f-98c4-e2f4-84f9dfeb639c}"
EndProject
Project("{FAE04EC0-301F-11D3-BF4B-00C04F79EFBC}") = "Unity.VSCode.Editor", "Unity.VSCode.Editor.csproj", "{7aad3098-a640-0876-b24b-3a73b6ef2de3}"
EndProject
Project("{FAE04EC0-301F-11D3-BF4B-00C04F79EFBC}") = "UnityEditor.UI", "UnityEditor.UI.csproj", "{a0879779-50c6-8023-6585-b67672591c4a}"
EndProject
Project("{FAE04EC0-301F-11D3-BF4B-00C04F79EFBC}") = "Unity.XR.ARFoundation.Editor", "Unity.XR.ARFoundation.Editor.csproj", "{e74f5cff-d23a-ea30-7e4e-0b956916e490}"
EndProject
Project("{FAE04EC0-301F-11D3-BF4B-00C04F79EFBC}") = "UnityEditor.SpatialTracking", "UnityEditor.SpatialTracking.csproj", "{b4c7b53f-7d63-aaa5-f6b2-956416660498}"
EndProject
Project("{FAE04EC0-301F-11D3-BF4B-00C04F79EFBC}") = "Unity.XR.ARCore.Editor", "Unity.XR.ARCore.Editor.csproj", "{ef8f5c53-b910-d7db-bf9b-fe4628f149ff}"
EndProject
Project("{FAE04EC0-301F-11D3-BF4B-00C04F79EFBC}") = "UniTask.Editor", "UniTask.Editor.csproj", "{d66b62e3-edc0-cb4c-a7f8-8cd86c1b34d1}"
EndProject
Project("{FAE04EC0-301F-11D3-BF4B-00C04F79EFBC}") = "Unity.Mathematics.Editor", "Unity.Mathematics.Editor.csproj", "{a42632c0-56cf-550e-ee98-5c9da9087a8f}"
EndProject
Project("{FAE04EC0-301F-11D3-BF4B-00C04F79EFBC}") = "Unity.Services.Core.Configuration.Editor", "Unity.Services.Core.Configuration.Editor.csproj", "{89422d62-fd18-a45f-76a9-128a7d8e6daa}"
EndProject
Project("{FAE04EC0-301F-11D3-BF4B-00C04F79EFBC}") = "UnityEditor.XR.LegacyInputHelpers", "UnityEditor.XR.LegacyInputHelpers.csproj", "{fc8af2ec-d710-c8fa-91ff-b7aa30386716}"
EndProject
Project("{FAE04EC0-301F-11D3-BF4B-00C04F79EFBC}") = "Unity.XR.ARSubsystems.Editor", "Unity.XR.ARSubsystems.Editor.csproj", "{242f56e6-4375-20d5-208e-f50c94e53ab8}"
EndProject
Project("{FAE04EC0-301F-11D3-BF4B-00C04F79EFBC}") = "Unity.XR.ARAnalytics.Editor", "Unity.XR.ARAnalytics.Editor.csproj", "{d61d50fa-d7bf-fde6-0871-dacdf7b6bc5d}"
EndProject
Project("{FAE04EC0-301F-11D3-BF4B-00C04F79EFBC}") = "Unity.XR.OpenXR.Features.RuntimeDebugger.Editor", "Unity.XR.OpenXR.Features.RuntimeDebugger.Editor.csproj", "{d53dbc6b-161d-a11f-7f0e-24260ccf09c3}"
EndProject
Project("{FAE04EC0-301F-11D3-BF4B-00C04F79EFBC}") = "Unity.VisualScripting.Shared.Editor", "Unity.VisualScripting.Shared.Editor.csproj", "{977aa257-536d-7d26-c5b0-8ec020dfcac1}"
EndProject
Project("{FAE04EC0-301F-11D3-BF4B-00C04F79EFBC}") = "Unity.XR.OpenXR.Features.OculusQuestSupport.Editor", "Unity.XR.OpenXR.Features.OculusQuestSupport.Editor.csproj", "{1f40761b-2d43-48c3-aa48-60ed0b1d1b25}"
EndProject
Global
	GlobalSection(SolutionConfigurationPlatforms) = preSolution
		Debug|Any CPU = Debug|Any CPU
	EndGlobalSection
	GlobalSection(ProjectConfigurationPlatforms) = postSolution
		{5afde13d-a5b7-1caf-70f5-b2d0eb1b989e}.Debug|Any CPU.ActiveCfg = Debug|Any CPU
		{5afde13d-a5b7-1caf-70f5-b2d0eb1b989e}.Debug|Any CPU.Build.0 = Debug|Any CPU
		{09031a3c-6f1f-ef69-5cbe-28ad24f2b9ec}.Debug|Any CPU.ActiveCfg = Debug|Any CPU
		{09031a3c-6f1f-ef69-5cbe-28ad24f2b9ec}.Debug|Any CPU.Build.0 = Debug|Any CPU
		{5d9eaad9-99d9-b3df-13ea-738490fb4df5}.Debug|Any CPU.ActiveCfg = Debug|Any CPU
		{5d9eaad9-99d9-b3df-13ea-738490fb4df5}.Debug|Any CPU.Build.0 = Debug|Any CPU
		{b48596f6-1722-4211-79f2-9c96c5b556ac}.Debug|Any CPU.ActiveCfg = Debug|Any CPU
		{b48596f6-1722-4211-79f2-9c96c5b556ac}.Debug|Any CPU.Build.0 = Debug|Any CPU
		{e36e03e6-7bf5-ec4c-a0dd-7e5db4d509f3}.Debug|Any CPU.ActiveCfg = Debug|Any CPU
		{e36e03e6-7bf5-ec4c-a0dd-7e5db4d509f3}.Debug|Any CPU.Build.0 = Debug|Any CPU
		{7be87a5f-d016-29e9-a2ea-932fa1394ffa}.Debug|Any CPU.ActiveCfg = Debug|Any CPU
		{7be87a5f-d016-29e9-a2ea-932fa1394ffa}.Debug|Any CPU.Build.0 = Debug|Any CPU
		{8abfc4bc-8ef6-f4d1-8946-2828dccb3a9a}.Debug|Any CPU.ActiveCfg = Debug|Any CPU
		{8abfc4bc-8ef6-f4d1-8946-2828dccb3a9a}.Debug|Any CPU.Build.0 = Debug|Any CPU
		{cfb83ed6-5ebf-3b71-750a-a7f773ffb19e}.Debug|Any CPU.ActiveCfg = Debug|Any CPU
		{cfb83ed6-5ebf-3b71-750a-a7f773ffb19e}.Debug|Any CPU.Build.0 = Debug|Any CPU
		{b2afb42d-0362-55d4-2fcb-77a929664bc3}.Debug|Any CPU.ActiveCfg = Debug|Any CPU
		{b2afb42d-0362-55d4-2fcb-77a929664bc3}.Debug|Any CPU.Build.0 = Debug|Any CPU
		{d9a7379f-e31a-fa64-b47f-a7267ab8dccc}.Debug|Any CPU.ActiveCfg = Debug|Any CPU
		{d9a7379f-e31a-fa64-b47f-a7267ab8dccc}.Debug|Any CPU.Build.0 = Debug|Any CPU
		{0cca2d31-5066-4ff2-b1ee-d9515cbc537d}.Debug|Any CPU.ActiveCfg = Debug|Any CPU
		{0cca2d31-5066-4ff2-b1ee-d9515cbc537d}.Debug|Any CPU.Build.0 = Debug|Any CPU
		{b1924284-c6e9-8cfa-4baa-dac11c114485}.Debug|Any CPU.ActiveCfg = Debug|Any CPU
		{b1924284-c6e9-8cfa-4baa-dac11c114485}.Debug|Any CPU.Build.0 = Debug|Any CPU
		{7e17e993-e023-fc5b-a870-0f97d462e028}.Debug|Any CPU.ActiveCfg = Debug|Any CPU
		{7e17e993-e023-fc5b-a870-0f97d462e028}.Debug|Any CPU.Build.0 = Debug|Any CPU
		{8b96ed46-c57a-f880-e822-8529c6ad96fa}.Debug|Any CPU.ActiveCfg = Debug|Any CPU
		{8b96ed46-c57a-f880-e822-8529c6ad96fa}.Debug|Any CPU.Build.0 = Debug|Any CPU
		{43b6620d-c49b-d8d3-3d31-a41bbf36dd72}.Debug|Any CPU.ActiveCfg = Debug|Any CPU
		{43b6620d-c49b-d8d3-3d31-a41bbf36dd72}.Debug|Any CPU.Build.0 = Debug|Any CPU
		{f6cf88b5-d73d-04c9-3406-4ad9cb1d1fbd}.Debug|Any CPU.ActiveCfg = Debug|Any CPU
		{f6cf88b5-d73d-04c9-3406-4ad9cb1d1fbd}.Debug|Any CPU.Build.0 = Debug|Any CPU
		{d8f8bb75-5420-89ee-1f7a-b44ce2682111}.Debug|Any CPU.ActiveCfg = Debug|Any CPU
		{d8f8bb75-5420-89ee-1f7a-b44ce2682111}.Debug|Any CPU.Build.0 = Debug|Any CPU
		{889beb66-8049-3c11-1ac5-29741281a2eb}.Debug|Any CPU.ActiveCfg = Debug|Any CPU
		{889beb66-8049-3c11-1ac5-29741281a2eb}.Debug|Any CPU.Build.0 = Debug|Any CPU
		{063b5eb3-fcff-d498-bc18-383bf9e0bc6c}.Debug|Any CPU.ActiveCfg = Debug|Any CPU
		{063b5eb3-fcff-d498-bc18-383bf9e0bc6c}.Debug|Any CPU.Build.0 = Debug|Any CPU
		{93388686-0f7b-4dde-c866-985727e6fd83}.Debug|Any CPU.ActiveCfg = Debug|Any CPU
		{93388686-0f7b-4dde-c866-985727e6fd83}.Debug|Any CPU.Build.0 = Debug|Any CPU
		{1e48591a-f31c-73e1-0128-b610a46c9ed3}.Debug|Any CPU.ActiveCfg = Debug|Any CPU
		{1e48591a-f31c-73e1-0128-b610a46c9ed3}.Debug|Any CPU.Build.0 = Debug|Any CPU
		{0e8ba5aa-6be6-3df4-6e38-9dfa9b997fcc}.Debug|Any CPU.ActiveCfg = Debug|Any CPU
		{0e8ba5aa-6be6-3df4-6e38-9dfa9b997fcc}.Debug|Any CPU.Build.0 = Debug|Any CPU
		{842dd2f8-3f21-4108-5de4-a400816a243a}.Debug|Any CPU.ActiveCfg = Debug|Any CPU
		{842dd2f8-3f21-4108-5de4-a400816a243a}.Debug|Any CPU.Build.0 = Debug|Any CPU
		{b523322e-d13e-cf8d-d9f4-7dcb510ab580}.Debug|Any CPU.ActiveCfg = Debug|Any CPU
		{b523322e-d13e-cf8d-d9f4-7dcb510ab580}.Debug|Any CPU.Build.0 = Debug|Any CPU
		{ef581788-a9ee-2a76-9292-54b9e2d84997}.Debug|Any CPU.ActiveCfg = Debug|Any CPU
		{ef581788-a9ee-2a76-9292-54b9e2d84997}.Debug|Any CPU.Build.0 = Debug|Any CPU
		{a5a39361-deb1-0c0d-82e5-ae071e7cba74}.Debug|Any CPU.ActiveCfg = Debug|Any CPU
		{a5a39361-deb1-0c0d-82e5-ae071e7cba74}.Debug|Any CPU.Build.0 = Debug|Any CPU
		{2430f52c-f0e4-bc09-2c7a-152d0ea5a55a}.Debug|Any CPU.ActiveCfg = Debug|Any CPU
		{2430f52c-f0e4-bc09-2c7a-152d0ea5a55a}.Debug|Any CPU.Build.0 = Debug|Any CPU
		{c1638ffa-742f-1f95-992b-1fcd83419af5}.Debug|Any CPU.ActiveCfg = Debug|Any CPU
		{c1638ffa-742f-1f95-992b-1fcd83419af5}.Debug|Any CPU.Build.0 = Debug|Any CPU
		{fa04b5a1-c01c-3e92-f686-04f43c5e7451}.Debug|Any CPU.ActiveCfg = Debug|Any CPU
		{fa04b5a1-c01c-3e92-f686-04f43c5e7451}.Debug|Any CPU.Build.0 = Debug|Any CPU
		{e113e12f-2086-b4fd-eef2-71c25bf31d59}.Debug|Any CPU.ActiveCfg = Debug|Any CPU
		{e113e12f-2086-b4fd-eef2-71c25bf31d59}.Debug|Any CPU.Build.0 = Debug|Any CPU
		{de63acab-e5b6-3140-2bdf-f50a556567ff}.Debug|Any CPU.ActiveCfg = Debug|Any CPU
		{de63acab-e5b6-3140-2bdf-f50a556567ff}.Debug|Any CPU.Build.0 = Debug|Any CPU
		{6f444e3c-2684-aeaa-fe61-20ebf590bf16}.Debug|Any CPU.ActiveCfg = Debug|Any CPU
		{6f444e3c-2684-aeaa-fe61-20ebf590bf16}.Debug|Any CPU.Build.0 = Debug|Any CPU
		{4be2ebc0-020e-81c4-4bf6-144a9449b594}.Debug|Any CPU.ActiveCfg = Debug|Any CPU
		{4be2ebc0-020e-81c4-4bf6-144a9449b594}.Debug|Any CPU.Build.0 = Debug|Any CPU
		{8f6e474c-a4df-c88d-70fb-b3973c03b476}.Debug|Any CPU.ActiveCfg = Debug|Any CPU
		{8f6e474c-a4df-c88d-70fb-b3973c03b476}.Debug|Any CPU.Build.0 = Debug|Any CPU
		{a230311b-9ba1-4d8d-5f0d-4d82779920f2}.Debug|Any CPU.ActiveCfg = Debug|Any CPU
		{a230311b-9ba1-4d8d-5f0d-4d82779920f2}.Debug|Any CPU.Build.0 = Debug|Any CPU
		{c615a15d-bb35-e26e-d3ac-bca0e5a3e456}.Debug|Any CPU.ActiveCfg = Debug|Any CPU
		{c615a15d-bb35-e26e-d3ac-bca0e5a3e456}.Debug|Any CPU.Build.0 = Debug|Any CPU
		{319c48fe-e20a-faa2-082e-0acd1344aaa8}.Debug|Any CPU.ActiveCfg = Debug|Any CPU
		{319c48fe-e20a-faa2-082e-0acd1344aaa8}.Debug|Any CPU.Build.0 = Debug|Any CPU
		{4184bfe4-7928-0fcf-9bde-f1813ffecdab}.Debug|Any CPU.ActiveCfg = Debug|Any CPU
		{4184bfe4-7928-0fcf-9bde-f1813ffecdab}.Debug|Any CPU.Build.0 = Debug|Any CPU
		{f27e445b-2db2-ed2b-561f-d62a90fdbead}.Debug|Any CPU.ActiveCfg = Debug|Any CPU
		{f27e445b-2db2-ed2b-561f-d62a90fdbead}.Debug|Any CPU.Build.0 = Debug|Any CPU
		{3b0ce39e-5c28-1e14-ce3c-9201bf1eebbc}.Debug|Any CPU.ActiveCfg = Debug|Any CPU
		{3b0ce39e-5c28-1e14-ce3c-9201bf1eebbc}.Debug|Any CPU.Build.0 = Debug|Any CPU
		{54e62f5a-e545-c373-fedc-5eed64f0c120}.Debug|Any CPU.ActiveCfg = Debug|Any CPU
		{54e62f5a-e545-c373-fedc-5eed64f0c120}.Debug|Any CPU.Build.0 = Debug|Any CPU
		{501eef62-3728-6d6a-bc63-7c5755b4fdc7}.Debug|Any CPU.ActiveCfg = Debug|Any CPU
		{501eef62-3728-6d6a-bc63-7c5755b4fdc7}.Debug|Any CPU.Build.0 = Debug|Any CPU
		{22db6765-eec1-d982-717a-0027e3bfd9d9}.Debug|Any CPU.ActiveCfg = Debug|Any CPU
		{22db6765-eec1-d982-717a-0027e3bfd9d9}.Debug|Any CPU.Build.0 = Debug|Any CPU
		{ce0bca7f-6c0c-db86-cac4-44ef1cc93354}.Debug|Any CPU.ActiveCfg = Debug|Any CPU
		{ce0bca7f-6c0c-db86-cac4-44ef1cc93354}.Debug|Any CPU.Build.0 = Debug|Any CPU
		{2b2e21a0-4b4b-0d3b-d86d-900871dd0362}.Debug|Any CPU.ActiveCfg = Debug|Any CPU
		{2b2e21a0-4b4b-0d3b-d86d-900871dd0362}.Debug|Any CPU.Build.0 = Debug|Any CPU
		{52d01923-5644-deef-8d3a-875039134c74}.Debug|Any CPU.ActiveCfg = Debug|Any CPU
		{52d01923-5644-deef-8d3a-875039134c74}.Debug|Any CPU.Build.0 = Debug|Any CPU
		{f97d1143-aa40-e3c5-aef4-e1263bd4638e}.Debug|Any CPU.ActiveCfg = Debug|Any CPU
		{f97d1143-aa40-e3c5-aef4-e1263bd4638e}.Debug|Any CPU.Build.0 = Debug|Any CPU
		{bca4c35b-91ae-d52a-6aff-84788df4e713}.Debug|Any CPU.ActiveCfg = Debug|Any CPU
		{bca4c35b-91ae-d52a-6aff-84788df4e713}.Debug|Any CPU.Build.0 = Debug|Any CPU
		{9532f9f9-d872-3459-269a-490975a66d67}.Debug|Any CPU.ActiveCfg = Debug|Any CPU
		{9532f9f9-d872-3459-269a-490975a66d67}.Debug|Any CPU.Build.0 = Debug|Any CPU
		{42b13deb-8ca3-9f33-42cb-dac532c9238f}.Debug|Any CPU.ActiveCfg = Debug|Any CPU
		{42b13deb-8ca3-9f33-42cb-dac532c9238f}.Debug|Any CPU.Build.0 = Debug|Any CPU
		{4cbf8b50-4fa9-9553-8be2-02dbb8ddd607}.Debug|Any CPU.ActiveCfg = Debug|Any CPU
		{4cbf8b50-4fa9-9553-8be2-02dbb8ddd607}.Debug|Any CPU.Build.0 = Debug|Any CPU
		{0dfa6190-42e2-9f0b-48d6-14af590ea5bd}.Debug|Any CPU.ActiveCfg = Debug|Any CPU
		{0dfa6190-42e2-9f0b-48d6-14af590ea5bd}.Debug|Any CPU.Build.0 = Debug|Any CPU
		{56d493b2-a12d-923d-e1cd-e03f93197f7e}.Debug|Any CPU.ActiveCfg = Debug|Any CPU
		{56d493b2-a12d-923d-e1cd-e03f93197f7e}.Debug|Any CPU.Build.0 = Debug|Any CPU
		{b5b47468-de03-a51d-1059-8b1782dfbf76}.Debug|Any CPU.ActiveCfg = Debug|Any CPU
		{b5b47468-de03-a51d-1059-8b1782dfbf76}.Debug|Any CPU.Build.0 = Debug|Any CPU
		{ecd68994-d07a-05da-bf7d-4af1eed4034f}.Debug|Any CPU.ActiveCfg = Debug|Any CPU
		{ecd68994-d07a-05da-bf7d-4af1eed4034f}.Debug|Any CPU.Build.0 = Debug|Any CPU
		{a01961f4-6239-626e-2a52-c3c260b60dc7}.Debug|Any CPU.ActiveCfg = Debug|Any CPU
		{a01961f4-6239-626e-2a52-c3c260b60dc7}.Debug|Any CPU.Build.0 = Debug|Any CPU
		{f4dfc164-1ad7-29de-9164-525786551891}.Debug|Any CPU.ActiveCfg = Debug|Any CPU
		{f4dfc164-1ad7-29de-9164-525786551891}.Debug|Any CPU.Build.0 = Debug|Any CPU
		{ddb6b845-ee0f-98c4-e2f4-84f9dfeb639c}.Debug|Any CPU.ActiveCfg = Debug|Any CPU
		{ddb6b845-ee0f-98c4-e2f4-84f9dfeb639c}.Debug|Any CPU.Build.0 = Debug|Any CPU
		{7aad3098-a640-0876-b24b-3a73b6ef2de3}.Debug|Any CPU.ActiveCfg = Debug|Any CPU
		{7aad3098-a640-0876-b24b-3a73b6ef2de3}.Debug|Any CPU.Build.0 = Debug|Any CPU
		{a0879779-50c6-8023-6585-b67672591c4a}.Debug|Any CPU.ActiveCfg = Debug|Any CPU
		{a0879779-50c6-8023-6585-b67672591c4a}.Debug|Any CPU.Build.0 = Debug|Any CPU
		{e74f5cff-d23a-ea30-7e4e-0b956916e490}.Debug|Any CPU.ActiveCfg = Debug|Any CPU
		{e74f5cff-d23a-ea30-7e4e-0b956916e490}.Debug|Any CPU.Build.0 = Debug|Any CPU
		{b4c7b53f-7d63-aaa5-f6b2-956416660498}.Debug|Any CPU.ActiveCfg = Debug|Any CPU
		{b4c7b53f-7d63-aaa5-f6b2-956416660498}.Debug|Any CPU.Build.0 = Debug|Any CPU
		{ef8f5c53-b910-d7db-bf9b-fe4628f149ff}.Debug|Any CPU.ActiveCfg = Debug|Any CPU
		{ef8f5c53-b910-d7db-bf9b-fe4628f149ff}.Debug|Any CPU.Build.0 = Debug|Any CPU
		{d66b62e3-edc0-cb4c-a7f8-8cd86c1b34d1}.Debug|Any CPU.ActiveCfg = Debug|Any CPU
		{d66b62e3-edc0-cb4c-a7f8-8cd86c1b34d1}.Debug|Any CPU.Build.0 = Debug|Any CPU
		{a42632c0-56cf-550e-ee98-5c9da9087a8f}.Debug|Any CPU.ActiveCfg = Debug|Any CPU
		{a42632c0-56cf-550e-ee98-5c9da9087a8f}.Debug|Any CPU.Build.0 = Debug|Any CPU
		{89422d62-fd18-a45f-76a9-128a7d8e6daa}.Debug|Any CPU.ActiveCfg = Debug|Any CPU
		{89422d62-fd18-a45f-76a9-128a7d8e6daa}.Debug|Any CPU.Build.0 = Debug|Any CPU
		{fc8af2ec-d710-c8fa-91ff-b7aa30386716}.Debug|Any CPU.ActiveCfg = Debug|Any CPU
		{fc8af2ec-d710-c8fa-91ff-b7aa30386716}.Debug|Any CPU.Build.0 = Debug|Any CPU
		{242f56e6-4375-20d5-208e-f50c94e53ab8}.Debug|Any CPU.ActiveCfg = Debug|Any CPU
		{242f56e6-4375-20d5-208e-f50c94e53ab8}.Debug|Any CPU.Build.0 = Debug|Any CPU
		{d61d50fa-d7bf-fde6-0871-dacdf7b6bc5d}.Debug|Any CPU.ActiveCfg = Debug|Any CPU
		{d61d50fa-d7bf-fde6-0871-dacdf7b6bc5d}.Debug|Any CPU.Build.0 = Debug|Any CPU
		{d53dbc6b-161d-a11f-7f0e-24260ccf09c3}.Debug|Any CPU.ActiveCfg = Debug|Any CPU
		{d53dbc6b-161d-a11f-7f0e-24260ccf09c3}.Debug|Any CPU.Build.0 = Debug|Any CPU
		{977aa257-536d-7d26-c5b0-8ec020dfcac1}.Debug|Any CPU.ActiveCfg = Debug|Any CPU
		{977aa257-536d-7d26-c5b0-8ec020dfcac1}.Debug|Any CPU.Build.0 = Debug|Any CPU
		{1f40761b-2d43-48c3-aa48-60ed0b1d1b25}.Debug|Any CPU.ActiveCfg = Debug|Any CPU
		{1f40761b-2d43-48c3-aa48-60ed0b1d1b25}.Debug|Any CPU.Build.0 = Debug|Any CPU
	EndGlobalSection
	GlobalSection(SolutionProperties) = preSolution
		HideSolutionNode = FALSE
	EndGlobalSection
EndGlobal
